
Microsoft Visual Studio Solution File, Format Version 12.00
# Visual Studio 14
VisualStudioVersion = 14.0.25420.1
MinimumVisualStudioVersion = 10.0.40219.1
Project("{FAE04EC0-301F-11D3-BF4B-00C04F79EFBC}") = "Main", "Test2\Main.csproj", "{8AE8C206-BB4C-46B1-B784-AF850045E52F}"
EndProject
Project("{FAE04EC0-301F-11D3-BF4B-00C04F79EFBC}") = "game", "..\Adventure\game.csproj", "{27CE7B53-46F4-4CDE-A892-EE632F3BDF95}"
EndProject
Project("{FAE04EC0-301F-11D3-BF4B-00C04F79EFBC}") = "Tutorial", "..\Tutorial\Tutorial.csproj", "{5D2FD688-B1DB-4759-B43B-2511851CBD7B}"
EndProject
Global
	GlobalSection(SolutionConfigurationPlatforms) = preSolution
		Debug|Any CPU = Debug|Any CPU
		Release|Any CPU = Release|Any CPU
	EndGlobalSection
	GlobalSection(ProjectConfigurationPlatforms) = postSolution
		{8AE8C206-BB4C-46B1-B784-AF850045E52F}.Debug|Any CPU.ActiveCfg = Debug|Any CPU
		{8AE8C206-BB4C-46B1-B784-AF850045E52F}.Debug|Any CPU.Build.0 = Debug|Any CPU
		{8AE8C206-BB4C-46B1-B784-AF850045E52F}.Release|Any CPU.ActiveCfg = Release|Any CPU
		{8AE8C206-BB4C-46B1-B784-AF850045E52F}.Release|Any CPU.Build.0 = Release|Any CPU
		{27CE7B53-46F4-4CDE-A892-EE632F3BDF95}.Debug|Any CPU.ActiveCfg = Debug|Any CPU
		{27CE7B53-46F4-4CDE-A892-EE632F3BDF95}.Debug|Any CPU.Build.0 = Debug|Any CPU
		{27CE7B53-46F4-4CDE-A892-EE632F3BDF95}.Release|Any CPU.ActiveCfg = Release|Any CPU
		{27CE7B53-46F4-4CDE-A892-EE632F3BDF95}.Release|Any CPU.Build.0 = Release|Any CPU
		{5D2FD688-B1DB-4759-B43B-2511851CBD7B}.Debug|Any CPU.ActiveCfg = Debug|Any CPU
		{5D2FD688-B1DB-4759-B43B-2511851CBD7B}.Debug|Any CPU.Build.0 = Debug|Any CPU
		{5D2FD688-B1DB-4759-B43B-2511851CBD7B}.Release|Any CPU.ActiveCfg = Release|Any CPU
		{5D2FD688-B1DB-4759-B43B-2511851CBD7B}.Release|Any CPU.Build.0 = Release|Any CPU
	EndGlobalSection
	GlobalSection(SolutionProperties) = preSolution
		HideSolutionNode = FALSE
	EndGlobalSection
	GlobalSection(ExtensibilityGlobals) = postSolution
		SolutionGuid = {9EAAB339-2F99-4DD2-9B67-2343DA4B74EF}
	EndGlobalSection
EndGlobal
